
Microsoft Visual Studio Solution File, Format Version 12.00
# Visual Studio Version 16
VisualStudioVersion = 16.0.30503.244
MinimumVisualStudioVersion = 10.0.40219.1
Project("{FAE04EC0-301F-11D3-BF4B-00C04F79EFBC}") = "Chavp.Math.Tests", "Chavp.Math.Tests\Chavp.Math.Tests.csproj", "{3CEFBE19-7B5F-4A38-86F7-F847174E1A82}"
EndProject
Project("{FAE04EC0-301F-11D3-BF4B-00C04F79EFBC}") = "Chavp.Math.Web", "Chavp.Math.Web\Chavp.Math.Web.csproj", "{C16E30D7-D620-470D-8F36-DEE48A5298C5}"
EndProject
Global
	GlobalSection(SolutionConfigurationPlatforms) = preSolution
		Debug|Any CPU = Debug|Any CPU
		Release|Any CPU = Release|Any CPU
	EndGlobalSection
	GlobalSection(ProjectConfigurationPlatforms) = postSolution
		{3CEFBE19-7B5F-4A38-86F7-F847174E1A82}.Debug|Any CPU.ActiveCfg = Debug|Any CPU
		{3CEFBE19-7B5F-4A38-86F7-F847174E1A82}.Debug|Any CPU.Build.0 = Debug|Any CPU
		{3CEFBE19-7B5F-4A38-86F7-F847174E1A82}.Release|Any CPU.ActiveCfg = Release|Any CPU
		{3CEFBE19-7B5F-4A38-86F7-F847174E1A82}.Release|Any CPU.Build.0 = Release|Any CPU
		{C16E30D7-D620-470D-8F36-DEE48A5298C5}.Debug|Any CPU.ActiveCfg = Debug|Any CPU
		{C16E30D7-D620-470D-8F36-DEE48A5298C5}.Debug|Any CPU.Build.0 = Debug|Any CPU
		{C16E30D7-D620-470D-8F36-DEE48A5298C5}.Release|Any CPU.ActiveCfg = Release|Any CPU
		{C16E30D7-D620-470D-8F36-DEE48A5298C5}.Release|Any CPU.Build.0 = Release|Any CPU
	EndGlobalSection
	GlobalSection(SolutionProperties) = preSolution
		HideSolutionNode = FALSE
	EndGlobalSection
	GlobalSection(ExtensibilityGlobals) = postSolution
		SolutionGuid = {1B76AF06-16D3-4A2B-BB8C-FE865BC84526}
	EndGlobalSection
EndGlobal
